
Microsoft Visual Studio Solution File, Format Version 12.00
# Visual Studio Version 16
VisualStudioVersion = 16.0.30804.86
MinimumVisualStudioVersion = 10.0.40219.1
Project("{FAE04EC0-301F-11D3-BF4B-00C04F79EFBC}") = "JWTWebAuthentication", "JWTWebAuthentication.csproj", "{6212F758-CA5D-4EF8-81C7-4DED8E408E8C}"
EndProject
Global
	GlobalSection(SolutionConfigurationPlatforms) = preSolution
		Debug|Any CPU = Debug|Any CPU
		Release|Any CPU = Release|Any CPU
	EndGlobalSection
	GlobalSection(ProjectConfigurationPlatforms) = postSolution
		{6212F758-CA5D-4EF8-81C7-4DED8E408E8C}.Debug|Any CPU.ActiveCfg = Debug|Any CPU
		{6212F758-CA5D-4EF8-81C7-4DED8E408E8C}.Debug|Any CPU.Build.0 = Debug|Any CPU
		{6212F758-CA5D-4EF8-81C7-4DED8E408E8C}.Release|Any CPU.ActiveCfg = Release|Any CPU
		{6212F758-CA5D-4EF8-81C7-4DED8E408E8C}.Release|Any CPU.Build.0 = Release|Any CPU
	EndGlobalSection
	GlobalSection(SolutionProperties) = preSolution
		HideSolutionNode = FALSE
	EndGlobalSection
	GlobalSection(ExtensibilityGlobals) = postSolution
		SolutionGuid = {A5AAEDF2-6370-4668-AB7E-5D534CF59718}
	EndGlobalSection
EndGlobal
